
Microsoft Visual Studio Solution File, Format Version 12.00
# Visual Studio Version 17
VisualStudioVersion = 17.7.34031.279
MinimumVisualStudioVersion = 10.0.40219.1
Project("{FAE04EC0-301F-11D3-BF4B-00C04F79EFBC}") = "CaseWork", "CaseWork\CaseWork.csproj", "{78562F6E-9002-4D97-8B2D-7BB6EE89FBFF}"
EndProject
Global
	GlobalSection(SolutionConfigurationPlatforms) = preSolution
		Debug|Any CPU = Debug|Any CPU
		Release|Any CPU = Release|Any CPU
	EndGlobalSection
	GlobalSection(ProjectConfigurationPlatforms) = postSolution
		{78562F6E-9002-4D97-8B2D-7BB6EE89FBFF}.Debug|Any CPU.ActiveCfg = Debug|Any CPU
		{78562F6E-9002-4D97-8B2D-7BB6EE89FBFF}.Debug|Any CPU.Build.0 = Debug|Any CPU
		{78562F6E-9002-4D97-8B2D-7BB6EE89FBFF}.Release|Any CPU.ActiveCfg = Release|Any CPU
		{78562F6E-9002-4D97-8B2D-7BB6EE89FBFF}.Release|Any CPU.Build.0 = Release|Any CPU
	EndGlobalSection
	GlobalSection(SolutionProperties) = preSolution
		HideSolutionNode = FALSE
	EndGlobalSection
	GlobalSection(ExtensibilityGlobals) = postSolution
		SolutionGuid = {C106C557-BE0A-4DFB-9342-F4CF467C14DA}
	EndGlobalSection
EndGlobal
